
Microsoft Visual Studio Solution File, Format Version 12.00
# Visual Studio Version 17
VisualStudioVersion = 17.10.35027.167
MinimumVisualStudioVersion = 10.0.40219.1
Project("{FAE04EC0-301F-11D3-BF4B-00C04F79EFBC}") = "StudentManagementApp", "StudentManagementApp.csproj", "{CCC8FB3E-1038-4A5A-A60A-DA3DE5B9B0DE}"
EndProject
Global
	GlobalSection(SolutionConfigurationPlatforms) = preSolution
		Debug|Any CPU = Debug|Any CPU
		Release|Any CPU = Release|Any CPU
	EndGlobalSection
	GlobalSection(ProjectConfigurationPlatforms) = postSolution
		{CCC8FB3E-1038-4A5A-A60A-DA3DE5B9B0DE}.Debug|Any CPU.ActiveCfg = Debug|Any CPU
		{CCC8FB3E-1038-4A5A-A60A-DA3DE5B9B0DE}.Debug|Any CPU.Build.0 = Debug|Any CPU
		{CCC8FB3E-1038-4A5A-A60A-DA3DE5B9B0DE}.Release|Any CPU.ActiveCfg = Release|Any CPU
		{CCC8FB3E-1038-4A5A-A60A-DA3DE5B9B0DE}.Release|Any CPU.Build.0 = Release|Any CPU
	EndGlobalSection
	GlobalSection(SolutionProperties) = preSolution
		HideSolutionNode = FALSE
	EndGlobalSection
	GlobalSection(ExtensibilityGlobals) = postSolution
		SolutionGuid = {C41D7F3C-B202-464F-BC31-3E513B548AA4}
	EndGlobalSection
EndGlobal
