
Microsoft Visual Studio Solution File, Format Version 12.00
# Visual Studio Version 17
VisualStudioVersion = 17.10.35027.167
MinimumVisualStudioVersion = 10.0.40219.1
Project("{FAE04EC0-301F-11D3-BF4B-00C04F79EFBC}") = "Simple Contact Manager", "Simple Contact Manager\Simple Contact Manager.csproj", "{305D50CA-00C6-4BE5-A9F3-41582207191B}"
EndProject
Global
	GlobalSection(SolutionConfigurationPlatforms) = preSolution
		Debug|Any CPU = Debug|Any CPU
		Release|Any CPU = Release|Any CPU
	EndGlobalSection
	GlobalSection(ProjectConfigurationPlatforms) = postSolution
		{305D50CA-00C6-4BE5-A9F3-41582207191B}.Debug|Any CPU.ActiveCfg = Debug|Any CPU
		{305D50CA-00C6-4BE5-A9F3-41582207191B}.Debug|Any CPU.Build.0 = Debug|Any CPU
		{305D50CA-00C6-4BE5-A9F3-41582207191B}.Release|Any CPU.ActiveCfg = Release|Any CPU
		{305D50CA-00C6-4BE5-A9F3-41582207191B}.Release|Any CPU.Build.0 = Release|Any CPU
	EndGlobalSection
	GlobalSection(SolutionProperties) = preSolution
		HideSolutionNode = FALSE
	EndGlobalSection
	GlobalSection(ExtensibilityGlobals) = postSolution
		SolutionGuid = {4C41F907-A798-4086-B20F-45807ADC9F90}
	EndGlobalSection
EndGlobal
